{
  "requires": true,
  "lockfileVersion": 1,
  "dependencies": {
    "jsbarcode": {
      "version": "3.11.4",
      "resolved": "https://registry.npmjs.org/jsbarcode/-/jsbarcode-3.11.4.tgz",
      "integrity": "sha512-PHtad17lOl6LOLGK20k5I6P7MabiyHaJY5u5N5TlzC6ZunOR+yFnFnRUoqqOefrYPqO2nuJ1weHzG8B7YYEnHg=="
    }
  }
}
